
Microsoft Visual Studio Solution File, Format Version 12.00
# Visual Studio Version 17
VisualStudioVersion = 17.5.33414.496
MinimumVisualStudioVersion = 10.0.40219.1
Project("{FAE04EC0-301F-11D3-BF4B-00C04F79EFBC}") = "FormularioC#", "FormularioC#.csproj", "{8D66EE14-3FA4-47C8-82F5-A7DB3E1B266D}"
EndProject
Global
	GlobalSection(SolutionConfigurationPlatforms) = preSolution
		Debug|Any CPU = Debug|Any CPU
		Release|Any CPU = Release|Any CPU
	EndGlobalSection
	GlobalSection(ProjectConfigurationPlatforms) = postSolution
		{8D66EE14-3FA4-47C8-82F5-A7DB3E1B266D}.Debug|Any CPU.ActiveCfg = Debug|Any CPU
		{8D66EE14-3FA4-47C8-82F5-A7DB3E1B266D}.Debug|Any CPU.Build.0 = Debug|Any CPU
		{8D66EE14-3FA4-47C8-82F5-A7DB3E1B266D}.Release|Any CPU.ActiveCfg = Release|Any CPU
		{8D66EE14-3FA4-47C8-82F5-A7DB3E1B266D}.Release|Any CPU.Build.0 = Release|Any CPU
	EndGlobalSection
	GlobalSection(SolutionProperties) = preSolution
		HideSolutionNode = FALSE
	EndGlobalSection
	GlobalSection(ExtensibilityGlobals) = postSolution
		SolutionGuid = {89626A29-2635-4A92-98FB-A1F831D197C3}
	EndGlobalSection
EndGlobal
